
Microsoft Visual Studio Solution File, Format Version 12.00
# Visual Studio Version 16
VisualStudioVersion = 16.0.32413.511
MinimumVisualStudioVersion = 10.0.40219.1
Project("{FAE04EC0-301F-11D3-BF4B-00C04F79EFBC}") = "WindowsFormsApp1", "WindowsFormsApp1\WindowsFormsApp1.csproj", "{7E194E61-839D-43EA-B17D-CE4437055CA5}"
EndProject
Global
	GlobalSection(SolutionConfigurationPlatforms) = preSolution
		Debug|Any CPU = Debug|Any CPU
		Release|Any CPU = Release|Any CPU
	EndGlobalSection
	GlobalSection(ProjectConfigurationPlatforms) = postSolution
		{7E194E61-839D-43EA-B17D-CE4437055CA5}.Debug|Any CPU.ActiveCfg = Debug|Any CPU
		{7E194E61-839D-43EA-B17D-CE4437055CA5}.Debug|Any CPU.Build.0 = Debug|Any CPU
		{7E194E61-839D-43EA-B17D-CE4437055CA5}.Release|Any CPU.ActiveCfg = Release|Any CPU
		{7E194E61-839D-43EA-B17D-CE4437055CA5}.Release|Any CPU.Build.0 = Release|Any CPU
	EndGlobalSection
	GlobalSection(SolutionProperties) = preSolution
		HideSolutionNode = FALSE
	EndGlobalSection
	GlobalSection(ExtensibilityGlobals) = postSolution
		SolutionGuid = {4002E543-C419-4BD4-971A-7B085DA84E92}
	EndGlobalSection
EndGlobal
